git.torproject.org/pluggable-transports/goptlib.git v1.3.0 h1:G+iuRUblCCC2xnO+0ag1/4+aaM98D5mjWP1M0v9s8a0=
git.torproject.org/pluggable-transports/goptlib.git v1.3.0/go.mod h1:4PBMl1dg7/3vMWSoWb46eGWlrxkUyn/CAJmxhDLAlDs=
gitlab.torproject.org/tpo/anti-censorship/pluggable-transports/goptlib v1.6.0/go.mod h1:70bhd4JKW/+1HLfm+TMrgHJsUHG4coelMWwiVEJ2gAg=
